
Microsoft Visual Studio Solution File, Format Version 12.00
# Visual Studio Version 16
VisualStudioVersion = 16.0.31729.503
MinimumVisualStudioVersion = 10.0.40219.1
Project("{FAE04EC0-301F-11D3-BF4B-00C04F79EFBC}") = "CSIOCP", "CSIOCP.csproj", "{314F85CD-E09A-4347-8376-5D1A929D0DE2}"
EndProject
Global
	GlobalSection(SolutionConfigurationPlatforms) = preSolution
		Debug|Any CPU = Debug|Any CPU
		Release|Any CPU = Release|Any CPU
	EndGlobalSection
	GlobalSection(ProjectConfigurationPlatforms) = postSolution
		{314F85CD-E09A-4347-8376-5D1A929D0DE2}.Debug|Any CPU.ActiveCfg = Debug|Any CPU
		{314F85CD-E09A-4347-8376-5D1A929D0DE2}.Debug|Any CPU.Build.0 = Debug|Any CPU
		{314F85CD-E09A-4347-8376-5D1A929D0DE2}.Release|Any CPU.ActiveCfg = Release|Any CPU
		{314F85CD-E09A-4347-8376-5D1A929D0DE2}.Release|Any CPU.Build.0 = Release|Any CPU
	EndGlobalSection
	GlobalSection(SolutionProperties) = preSolution
		HideSolutionNode = FALSE
	EndGlobalSection
	GlobalSection(ExtensibilityGlobals) = postSolution
		SolutionGuid = {40D96EC4-BD3C-4B9C-8A5A-B3C9E5777188}
	EndGlobalSection
EndGlobal
